// !$*UTF8*$!
{
	archiveVersion = 1;
	classes = {
	};
	objectVersion = 50;
	objects = {

/* Begin PBXBuildFile section */
		DC17212725DCE74800EECA28 /* FetchResultController.swift in Sources */ = {isa = PBXBuildFile; fileRef = DC17212625DCE74800EECA28 /* FetchResultController.swift */; };
		DC17212A25DCEB3B00EECA28 /* CollectionViewModelType.swift in Sources */ = {isa = PBXBuildFile; fileRef = DC17212925DCEB3B00EECA28 /* CollectionViewModelType.swift */; };
		DC17212D25DCEBA800EECA28 /* ViewModel.swift in Sources */ = {isa = PBXBuildFile; fileRef = DC17212C25DCEBA800EECA28 /* ViewModel.swift */; };
		DC17213025DCECD500EECA28 /* CollectionCellViewModelType.swift in Sources */ = {isa = PBXBuildFile; fileRef = DC17212F25DCECD500EECA28 /* CollectionCellViewModelType.swift */; };
		DC17213325DCEF4100EECA28 /* CollectionCellViewModel.swift in Sources */ = {isa = PBXBuildFile; fileRef = DC17213225DCEF4100EECA28 /* CollectionCellViewModel.swift */; };
		DC17213725DCF4C500EECA28 /* ModelImage.swift in Sources */ = {isa = PBXBuildFile; fileRef = DC17213625DCF4C500EECA28 /* ModelImage.swift */; };
		DCFCE7BF25DBD3BF002AF56D /* AppDelegate.swift in Sources */ = {isa = PBXBuildFile; fileRef = DCFCE7BE25DBD3BF002AF56D /* AppDelegate.swift */; };
		DCFCE7C125DBD3BF002AF56D /* SceneDelegate.swift in Sources */ = {isa = PBXBuildFile; fileRef = DCFCE7C025DBD3BF002AF56D /* SceneDelegate.swift */; };
		DCFCE7C625DBD3BF002AF56D /* Main.storyboard in Resources */ = {isa = PBXBuildFile; fileRef = DCFCE7C425DBD3BF002AF56D /* Main.storyboard */; };
		DCFCE7C925DBD3BF002AF56D /* TestImageViewer.xcdatamodeld in Sources */ = {isa = PBXBuildFile; fileRef = DCFCE7C725DBD3BF002AF56D /* TestImageViewer.xcdatamodeld */; };
		DCFCE7CB25DBD3C2002AF56D /* Assets.xcassets in Resources */ = {isa = PBXBuildFile; fileRef = DCFCE7CA25DBD3C2002AF56D /* Assets.xcassets */; };
		DCFCE7CE25DBD3C2002AF56D /* LaunchScreen.storyboard in Resources */ = {isa = PBXBuildFile; fileRef = DCFCE7CC25DBD3C2002AF56D /* LaunchScreen.storyboard */; };
		DCFCE7D825DBD436002AF56D /* NetworkManager.swift in Sources */ = {isa = PBXBuildFile; fileRef = DCFCE7D725DBD436002AF56D /* NetworkManager.swift */; };
		DCFCE7DC25DBDD56002AF56D /* AlertWindow.swift in Sources */ = {isa = PBXBuildFile; fileRef = DCFCE7DB25DBDD56002AF56D /* AlertWindow.swift */; };
		DCFCE7E225DBEEB8002AF56D /* EnumFiles.swift in Sources */ = {isa = PBXBuildFile; fileRef = DCFCE7E125DBEEB8002AF56D /* EnumFiles.swift */; };
		DCFCE7E525DBF512002AF56D /* NotificationCenter_Post.swift in Sources */ = {isa = PBXBuildFile; fileRef = DCFCE7E425DBF512002AF56D /* NotificationCenter_Post.swift */; };
		DCFCE7E825DBF877002AF56D /* PersistenceService.swift in Sources */ = {isa = PBXBuildFile; fileRef = DCFCE7E725DBF877002AF56D /* PersistenceService.swift */; };
		DCFCE7EC25DC077C002AF56D /* CollectionViewController.swift in Sources */ = {isa = PBXBuildFile; fileRef = DCFCE7EB25DC077C002AF56D /* CollectionViewController.swift */; };
		DCFCE7F025DC07B4002AF56D /* CollectionViewCell.swift in Sources */ = {isa = PBXBuildFile; fileRef = DCFCE7EF25DC07B4002AF56D /* CollectionViewCell.swift */; };
/* End PBXBuildFile section */

/* Begin PBXFileReference section */
		DC17212625DCE74800EECA28 /* FetchResultController.swift */ = {isa = PBXFileReference; lastKnownFileType = sourcecode.swift; path = FetchResultController.swift; sourceTree = "<group>"; };
		DC17212925DCEB3B00EECA28 /* CollectionViewModelType.swift */ = {isa = PBXFileReference; lastKnownFileType = sourcecode.swift; path = CollectionViewModelType.swift; sourceTree = "<group>"; };
		DC17212C25DCEBA800EECA28 /* ViewModel.swift */ = {isa = PBXFileReference; lastKnownFileType = sourcecode.swift; path = ViewModel.swift; sourceTree = "<group>"; };
		DC17212F25DCECD500EECA28 /* CollectionCellViewModelType.swift */ = {isa = PBXFileReference; lastKnownFileType = sourcecode.swift; path = CollectionCellViewModelType.swift; sourceTree = "<group>"; };
		DC17213225DCEF4100EECA28 /* CollectionCellViewModel.swift */ = {isa = PBXFileReference; lastKnownFileType = sourcecode.swift; path = CollectionCellViewModel.swift; sourceTree = "<group>"; };
		DC17213625DCF4C500EECA28 /* ModelImage.swift */ = {isa = PBXFileReference; lastKnownFileType = sourcecode.swift; path = ModelImage.swift; sourceTree = "<group>"; };
		DCFCE7BB25DBD3BF002AF56D /* TestImageViewer.app */ = {isa = PBXFileReference; explicitFileType = wrapper.application; includeInIndex = 0; path = TestImageViewer.app; sourceTree = BUILT_PRODUCTS_DIR; };
		DCFCE7BE25DBD3BF002AF56D /* AppDelegate.swift */ = {isa = PBXFileReference; lastKnownFileType = sourcecode.swift; path = AppDelegate.swift; sourceTree = "<group>"; };
		DCFCE7C025DBD3BF002AF56D /* SceneDelegate.swift */ = {isa = PBXFileReference; lastKnownFileType = sourcecode.swift; path = SceneDelegate.swift; sourceTree = "<group>"; };
		DCFCE7C525DBD3BF002AF56D /* Base */ = {isa = PBXFileReference; lastKnownFileType = file.storyboard; name = Base; path = Base.lproj/Main.storyboard; sourceTree = "<group>"; };
		DCFCE7C825DBD3BF002AF56D /* TestImageViewer.xcdatamodel */ = {isa = PBXFileReference; lastKnownFileType = wrapper.xcdatamodel; path = TestImageViewer.xcdatamodel; sourceTree = "<group>"; };
		DCFCE7CA25DBD3C2002AF56D /* Assets.xcassets */ = {isa = PBXFileReference; lastKnownFileType = folder.assetcatalog; path = Assets.xcassets; sourceTree = "<group>"; };
		DCFCE7CD25DBD3C2002AF56D /* Base */ = {isa = PBXFileReference; lastKnownFileType = file.storyboard; name = Base; path = Base.lproj/LaunchScreen.storyboard; sourceTree = "<group>"; };
		DCFCE7CF25DBD3C2002AF56D /* Info.plist */ = {isa = PBXFileReference; lastKnownFileType = text.plist.xml; path = Info.plist; sourceTree = "<group>"; };
		DCFCE7D725DBD436002AF56D /* NetworkManager.swift */ = {isa = PBXFileReference; lastKnownFileType = sourcecode.swift; path = NetworkManager.swift; sourceTree = "<group>"; };
		DCFCE7DB25DBDD56002AF56D /* AlertWindow.swift */ = {isa = PBXFileReference; lastKnownFileType = sourcecode.swift; path = AlertWindow.swift; sourceTree = "<group>"; };
		DCFCE7E125DBEEB8002AF56D /* EnumFiles.swift */ = {isa = PBXFileReference; lastKnownFileType = sourcecode.swift; path = EnumFiles.swift; sourceTree = "<group>"; };
		DCFCE7E425DBF512002AF56D /* NotificationCenter_Post.swift */ = {isa = PBXFileReference; lastKnownFileType = sourcecode.swift; path = NotificationCenter_Post.swift; sourceTree = "<group>"; };
		DCFCE7E725DBF877002AF56D /* PersistenceService.swift */ = {isa = PBXFileReference; fileEncoding = 4; lastKnownFileType = sourcecode.swift; path = PersistenceService.swift; sourceTree = "<group>"; };
		DCFCE7EB25DC077C002AF56D /* CollectionViewController.swift */ = {isa = PBXFileReference; lastKnownFileType = sourcecode.swift; path = CollectionViewController.swift; sourceTree = "<group>"; };
		DCFCE7EF25DC07B4002AF56D /* CollectionViewCell.swift */ = {isa = PBXFileReference; lastKnownFileType = sourcecode.swift; path = CollectionViewCell.swift; sourceTree = "<group>"; };
/* End PBXFileReference section */

/* Begin PBXFrameworksBuildPhase section */
		DCFCE7B825DBD3BF002AF56D /* Frameworks */ = {
			isa = PBXFrameworksBuildPhase;
			buildActionMask = 2147483647;
			files = (
			);
			runOnlyForDeploymentPostprocessing = 0;
		};
/* End PBXFrameworksBuildPhase section */

/* Begin PBXGroup section */
		DC17213525DCF4B100EECA28 /* Model */ = {
			isa = PBXGroup;
			children = (
				DC17213625DCF4C500EECA28 /* ModelImage.swift */,
			);
			path = Model;
			sourceTree = "<group>";
		};
		DC2DC10825DCE5880053C7CD /* View */ = {
			isa = PBXGroup;
			children = (
				DCFCE7EB25DC077C002AF56D /* CollectionViewController.swift */,
				DCFCE7EF25DC07B4002AF56D /* CollectionViewCell.swift */,
			);
			path = View;
			sourceTree = "<group>";
		};
		DC2DC10925DCE5930053C7CD /* Protocols */ = {
			isa = PBXGroup;
			children = (
				DC17212925DCEB3B00EECA28 /* CollectionViewModelType.swift */,
				DC17212F25DCECD500EECA28 /* CollectionCellViewModelType.swift */,
			);
			path = Protocols;
			sourceTree = "<group>";
		};
		DC2DC10A25DCE5A00053C7CD /* ViewModel */ = {
			isa = PBXGroup;
			children = (
				DC17212C25DCEBA800EECA28 /* ViewModel.swift */,
				DC17213225DCEF4100EECA28 /* CollectionCellViewModel.swift */,
			);
			path = ViewModel;
			sourceTree = "<group>";
		};
		DCFCE7B225DBD3BF002AF56D = {
			isa = PBXGroup;
			children = (
				DCFCE7BD25DBD3BF002AF56D /* TestImageViewer */,
				DCFCE7BC25DBD3BF002AF56D /* Products */,
			);
			sourceTree = "<group>";
		};
		DCFCE7BC25DBD3BF002AF56D /* Products */ = {
			isa = PBXGroup;
			children = (
				DCFCE7BB25DBD3BF002AF56D /* TestImageViewer.app */,
			);
			name = Products;
			sourceTree = "<group>";
		};
		DCFCE7BD25DBD3BF002AF56D /* TestImageViewer */ = {
			isa = PBXGroup;
			children = (
				DC2DC10A25DCE5A00053C7CD /* ViewModel */,
				DC2DC10925DCE5930053C7CD /* Protocols */,
				DC2DC10825DCE5880053C7CD /* View */,
				DCFCE7DF25DBEC8D002AF56D /* Methods */,
				DC17213525DCF4B100EECA28 /* Model */,
				DCFCE7D625DBD418002AF56D /* NetworkManager */,
				DCFCE7BE25DBD3BF002AF56D /* AppDelegate.swift */,
				DCFCE7C025DBD3BF002AF56D /* SceneDelegate.swift */,
				DCFCE7C425DBD3BF002AF56D /* Main.storyboard */,
				DCFCE7CA25DBD3C2002AF56D /* Assets.xcassets */,
				DCFCE7CC25DBD3C2002AF56D /* LaunchScreen.storyboard */,
				DCFCE7CF25DBD3C2002AF56D /* Info.plist */,
				DCFCE7C725DBD3BF002AF56D /* TestImageViewer.xcdatamodeld */,
			);
			path = TestImageViewer;
			sourceTree = "<group>";
		};
		DCFCE7D625DBD418002AF56D /* NetworkManager */ = {
			isa = PBXGroup;
			children = (
				DCFCE7D725DBD436002AF56D /* NetworkManager.swift */,
			);
			path = NetworkManager;
			sourceTree = "<group>";
		};
		DCFCE7DF25DBEC8D002AF56D /* Methods */ = {
			isa = PBXGroup;
			children = (
				DCFCE7DB25DBDD56002AF56D /* AlertWindow.swift */,
				DCFCE7E125DBEEB8002AF56D /* EnumFiles.swift */,
				DCFCE7E425DBF512002AF56D /* NotificationCenter_Post.swift */,
				DCFCE7E725DBF877002AF56D /* PersistenceService.swift */,
				DC17212625DCE74800EECA28 /* FetchResultController.swift */,
			);
			path = Methods;
			sourceTree = "<group>";
		};
/* End PBXGroup section */

/* Begin PBXNativeTarget section */
		DCFCE7BA25DBD3BF002AF56D /* TestImageViewer */ = {
			isa = PBXNativeTarget;
			buildConfigurationList = DCFCE7D225DBD3C2002AF56D /* Build configuration list for PBXNativeTarget "TestImageViewer" */;
			buildPhases = (
				DCFCE7B725DBD3BF002AF56D /* Sources */,
				DCFCE7B825DBD3BF002AF56D /* Frameworks */,
				DCFCE7B925DBD3BF002AF56D /* Resources */,
			);
			buildRules = (
			);
			dependencies = (
			);
			name = TestImageViewer;
			productName = TestImageViewer;
			productReference = DCFCE7BB25DBD3BF002AF56D /* TestImageViewer.app */;
			productType = "com.apple.product-type.application";
		};
/* End PBXNativeTarget section */

/* Begin PBXProject section */
		DCFCE7B325DBD3BF002AF56D /* Project object */ = {
			isa = PBXProject;
			attributes = {
				LastSwiftUpdateCheck = 1220;
				LastUpgradeCheck = 1220;
				TargetAttributes = {
					DCFCE7BA25DBD3BF002AF56D = {
						CreatedOnToolsVersion = 12.2;
					};
				};
			};
			buildConfigurationList = DCFCE7B625DBD3BF002AF56D /* Build configuration list for PBXProject "TestImageViewer" */;
			compatibilityVersion = "Xcode 9.3";
			developmentRegion = en;
			hasScannedForEncodings = 0;
			knownRegions = (
				en,
				Base,
			);
			mainGroup = DCFCE7B225DBD3BF002AF56D;
			productRefGroup = DCFCE7BC25DBD3BF002AF56D /* Products */;
			projectDirPath = "";
			projectRoot = "";
			targets = (
				DCFCE7BA25DBD3BF002AF56D /* TestImageViewer */,
			);
		};
/* End PBXProject section */

/* Begin PBXResourcesBuildPhase section */
		DCFCE7B925DBD3BF002AF56D /* Resources */ = {
			isa = PBXResourcesBuildPhase;
			buildActionMask = 2147483647;
			files = (
				DCFCE7CE25DBD3C2002AF56D /* LaunchScreen.storyboard in Resources */,
				DCFCE7CB25DBD3C2002AF56D /* Assets.xcassets in Resources */,
				DCFCE7C625DBD3BF002AF56D /* Main.storyboard in Resources */,
			);
			runOnlyForDeploymentPostprocessing = 0;
		};
/* End PBXResourcesBuildPhase section */

/* Begin PBXSourcesBuildPhase section */
		DCFCE7B725DBD3BF002AF56D /* Sources */ = {
			isa = PBXSourcesBuildPhase;
			buildActionMask = 2147483647;
			files = (
				DCFCE7F025DC07B4002AF56D /* CollectionViewCell.swift in Sources */,
				DCFCE7E225DBEEB8002AF56D /* EnumFiles.swift in Sources */,
				DC17213325DCEF4100EECA28 /* CollectionCellViewModel.swift in Sources */,
				DCFCE7DC25DBDD56002AF56D /* AlertWindow.swift in Sources */,
				DCFCE7C925DBD3BF002AF56D /* TestImageViewer.xcdatamodeld in Sources */,
				DCFCE7EC25DC077C002AF56D /* CollectionViewController.swift in Sources */,
				DCFCE7D825DBD436002AF56D /* NetworkManager.swift in Sources */,
				DC17213025DCECD500EECA28 /* CollectionCellViewModelType.swift in Sources */,
				DC17212D25DCEBA800EECA28 /* ViewModel.swift in Sources */,
				DCFCE7E525DBF512002AF56D /* NotificationCenter_Post.swift in Sources */,
				DCFCE7BF25DBD3BF002AF56D /* AppDelegate.swift in Sources */,
				DC17212725DCE74800EECA28 /* FetchResultController.swift in Sources */,
				DCFCE7E825DBF877002AF56D /* PersistenceService.swift in Sources */,
				DC17212A25DCEB3B00EECA28 /* CollectionViewModelType.swift in Sources */,
				DCFCE7C125DBD3BF002AF56D /* SceneDelegate.swift in Sources */,
				DC17213725DCF4C500EECA28 /* ModelImage.swift in Sources */,
			);
			runOnlyForDeploymentPostprocessing = 0;
		};
/* End PBXSourcesBuildPhase section */

/* Begin PBXVariantGroup section */
		DCFCE7C425DBD3BF002AF56D /* Main.storyboard */ = {
			isa = PBXVariantGroup;
			children = (
				DCFCE7C525DBD3BF002AF56D /* Base */,
			);
			name = Main.storyboard;
			sourceTree = "<group>";
		};
		DCFCE7CC25DBD3C2002AF56D /* LaunchScreen.storyboard */ = {
			isa = PBXVariantGroup;
			children = (
				DCFCE7CD25DBD3C2002AF56D /* Base */,
			);
			name = LaunchScreen.storyboard;
			sourceTree = "<group>";
		};
/* End PBXVariantGroup section */

/* Begin XCBuildConfiguration section */
		DCFCE7D025DBD3C2002AF56D /* Debug */ = {
			isa = XCBuildConfiguration;
			buildSettings = {
				ALWAYS_SEARCH_USER_PATHS = NO;
				CLANG_ANALYZER_NONNULL = YES;
				CLANG_ANALYZER_NUMBER_OBJECT_CONVERSION = YES_AGGRESSIVE;
				CLANG_CXX_LANGUAGE_STANDARD = "gnu++14";
				CLANG_CXX_LIBRARY = "libc++";
				CLANG_ENABLE_MODULES = YES;
				CLANG_ENABLE_OBJC_ARC = YES;
				CLANG_ENABLE_OBJC_WEAK = YES;
				CLANG_WARN_BLOCK_CAPTURE_AUTORELEASING = YES;
				CLANG_WARN_BOOL_CONVERSION = YES;
				CLANG_WARN_COMMA = YES;
				CLANG_WARN_CONSTANT_CONVERSION = YES;
				CLANG_WARN_DEPRECATED_OBJC_IMPLEMENTATIONS = YES;
				CLANG_WARN_DIRECT_OBJC_ISA_USAGE = YES_ERROR;
				CLANG_WARN_DOCUMENTATION_COMMENTS = YES;
				CLANG_WARN_EMPTY_BODY = YES;
				CLANG_WARN_ENUM_CONVERSION = YES;
				CLANG_WARN_INFINITE_RECURSION = YES;
				CLANG_WARN_INT_CONVERSION = YES;
				CLANG_WARN_NON_LITERAL_NULL_CONVERSION = YES;
				CLANG_WARN_OBJC_IMPLICIT_RETAIN_SELF = YES;
				CLANG_WARN_OBJC_LITERAL_CONVERSION = YES;
				CLANG_WARN_OBJC_ROOT_CLASS = YES_ERROR;
				CLANG_WARN_QUOTED_INCLUDE_IN_FRAMEWORK_HEADER = YES;
				CLANG_WARN_RANGE_LOOP_ANALYSIS = YES;
				CLANG_WARN_STRICT_PROTOTYPES = YES;
				CLANG_WARN_SUSPICIOUS_MOVE = YES;
				CLANG_WARN_UNGUARDED_AVAILABILITY = YES_AGGRESSIVE;
				CLANG_WARN_UNREACHABLE_CODE = YES;
				CLANG_WARN__DUPLICATE_METHOD_MATCH = YES;
				COPY_PHASE_STRIP = NO;
				DEBUG_INFORMATION_FORMAT = dwarf;
				ENABLE_STRICT_OBJC_MSGSEND = YES;
				ENABLE_TESTABILITY = YES;
				GCC_C_LANGUAGE_STANDARD = gnu11;
				GCC_DYNAMIC_NO_PIC = NO;
				GCC_NO_COMMON_BLOCKS = YES;
				GCC_OPTIMIZATION_LEVEL = 0;
				GCC_PREPROCESSOR_DEFINITIONS = (
					"DEBUG=1",
					"$(inherited)",
				);
				GCC_WARN_64_TO_32_BIT_CONVERSION = YES;
				GCC_WARN_ABOUT_RETURN_TYPE = YES_ERROR;
				GCC_WARN_UNDECLARED_SELECTOR = YES;
				GCC_WARN_UNINITIALIZED_AUTOS = YES_AGGRESSIVE;
				GCC_WARN_UNUSED_FUNCTION = YES;
				GCC_WARN_UNUSED_VARIABLE = YES;
				IPHONEOS_DEPLOYMENT_TARGET = 14.2;
				MTL_ENABLE_DEBUG_INFO = INCLUDE_SOURCE;
				MTL_FAST_MATH = YES;
				ONLY_ACTIVE_ARCH = YES;
				SDKROOT = iphoneos;
				SWIFT_ACTIVE_COMPILATION_CONDITIONS = DEBUG;
				SWIFT_OPTIMIZATION_LEVEL = "-Onone";
			};
			name = Debug;
		};
		DCFCE7D125DBD3C2002AF56D /* Release */ = {
			isa = XCBuildConfiguration;
			buildSettings = {
				ALWAYS_SEARCH_USER_PATHS = NO;
				CLANG_ANALYZER_NONNULL = YES;
				CLANG_ANALYZER_NUMBER_OBJECT_CONVERSION = YES_AGGRESSIVE;
				CLANG_CXX_LANGUAGE_STANDARD = "gnu++14";
				CLANG_CXX_LIBRARY = "libc++";
				CLANG_ENABLE_MODULES = YES;
				CLANG_ENABLE_OBJC_ARC = YES;
				CLANG_ENABLE_OBJC_WEAK = YES;
				CLANG_WARN_BLOCK_CAPTURE_AUTORELEASING = YES;
				CLANG_WARN_BOOL_CONVERSION = YES;
				CLANG_WARN_COMMA = YES;
				CLANG_WARN_CONSTANT_CONVERSION = YES;
				CLANG_WARN_DEPRECATED_OBJC_IMPLEMENTATIONS = YES;
				CLANG_WARN_DIRECT_OBJC_ISA_USAGE = YES_ERROR;
				CLANG_WARN_DOCUMENTATION_COMMENTS = YES;
				CLANG_WARN_EMPTY_BODY = YES;
				CLANG_WARN_ENUM_CONVERSION = YES;
				CLANG_WARN_INFINITE_RECURSION = YES;
				CLANG_WARN_INT_CONVERSION = YES;
				CLANG_WARN_NON_LITERAL_NULL_CONVERSION = YES;
				CLANG_WARN_OBJC_IMPLICIT_RETAIN_SELF = YES;
				CLANG_WARN_OBJC_LITERAL_CONVERSION = YES;
				CLANG_WARN_OBJC_ROOT_CLASS = YES_ERROR;
				CLANG_WARN_QUOTED_INCLUDE_IN_FRAMEWORK_HEADER = YES;
				CLANG_WARN_RANGE_LOOP_ANALYSIS = YES;
				CLANG_WARN_STRICT_PROTOTYPES = YES;
				CLANG_WARN_SUSPICIOUS_MOVE = YES;
				CLANG_WARN_UNGUARDED_AVAILABILITY = YES_AGGRESSIVE;
				CLANG_WARN_UNREACHABLE_CODE = YES;
				CLANG_WARN__DUPLICATE_METHOD_MATCH = YES;
				COPY_PHASE_STRIP = NO;
				DEBUG_INFORMATION_FORMAT = "dwarf-with-dsym";
				ENABLE_NS_ASSERTIONS = NO;
				ENABLE_STRICT_OBJC_MSGSEND = YES;
				GCC_C_LANGUAGE_STANDARD = gnu11;
				GCC_NO_COMMON_BLOCKS = YES;
				GCC_WARN_64_TO_32_BIT_CONVERSION = YES;
				GCC_WARN_ABOUT_RETURN_TYPE = YES_ERROR;
				GCC_WARN_UNDECLARED_SELECTOR = YES;
				GCC_WARN_UNINITIALIZED_AUTOS = YES_AGGRESSIVE;
				GCC_WARN_UNUSED_FUNCTION = YES;
				GCC_WARN_UNUSED_VARIABLE = YES;
				IPHONEOS_DEPLOYMENT_TARGET = 14.2;
				MTL_ENABLE_DEBUG_INFO = NO;
				MTL_FAST_MATH = YES;
				SDKROOT = iphoneos;
				SWIFT_COMPILATION_MODE = wholemodule;
				SWIFT_OPTIMIZATION_LEVEL = "-O";
				VALIDATE_PRODUCT = YES;
			};
			name = Release;
		};
		DCFCE7D325DBD3C2002AF56D /* Debug */ = {
			isa = XCBuildConfiguration;
			buildSettings = {
				ASSETCATALOG_COMPILER_APPICON_NAME = AppIcon;
				ASSETCATALOG_COMPILER_GLOBAL_ACCENT_COLOR_NAME = AccentColor;
				CODE_SIGN_STYLE = Automatic;
				DEVELOPMENT_TEAM = 8U53GKNAN6;
				INFOPLIST_FILE = TestImageViewer/Info.plist;
				IPHONEOS_DEPLOYMENT_TARGET = 11.0;
				LD_RUNPATH_SEARCH_PATHS = (
					"$(inherited)",
					"@executable_path/Frameworks",
				);
				PRODUCT_BUNDLE_IDENTIFIER = com.SergeyVerkhovskiy.TestImageViewer;
				PRODUCT_NAME = "$(TARGET_NAME)";
				SWIFT_VERSION = 5.0;
				TARGETED_DEVICE_FAMILY = 1;
			};
			name = Debug;
		};
		DCFCE7D425DBD3C2002AF56D /* Release */ = {
			isa = XCBuildConfiguration;
			buildSettings = {
				ASSETCATALOG_COMPILER_APPICON_NAME = AppIcon;
				ASSETCATALOG_COMPILER_GLOBAL_ACCENT_COLOR_NAME = AccentColor;
				CODE_SIGN_STYLE = Automatic;
				DEVELOPMENT_TEAM = 8U53GKNAN6;
				INFOPLIST_FILE = TestImageViewer/Info.plist;
				IPHONEOS_DEPLOYMENT_TARGET = 11.0;
				LD_RUNPATH_SEARCH_PATHS = (
					"$(inherited)",
					"@executable_path/Frameworks",
				);
				PRODUCT_BUNDLE_IDENTIFIER = com.SergeyVerkhovskiy.TestImageViewer;
				PRODUCT_NAME = "$(TARGET_NAME)";
				SWIFT_VERSION = 5.0;
				TARGETED_DEVICE_FAMILY = 1;
			};
			name = Release;
		};
/* End XCBuildConfiguration section */

/* Begin XCConfigurationList section */
		DCFCE7B625DBD3BF002AF56D /* Build configuration list for PBXProject "TestImageViewer" */ = {
			isa = XCConfigurationList;
			buildConfigurations = (
				DCFCE7D025DBD3C2002AF56D /* Debug */,
				DCFCE7D125DBD3C2002AF56D /* Release */,
			);
			defaultConfigurationIsVisible = 0;
			defaultConfigurationName = Release;
		};
		DCFCE7D225DBD3C2002AF56D /* Build configuration list for PBXNativeTarget "TestImageViewer" */ = {
			isa = XCConfigurationList;
			buildConfigurations = (
				DCFCE7D325DBD3C2002AF56D /* Debug */,
				DCFCE7D425DBD3C2002AF56D /* Release */,
			);
			defaultConfigurationIsVisible = 0;
			defaultConfigurationName = Release;
		};
/* End XCConfigurationList section */

/* Begin XCVersionGroup section */
		DCFCE7C725DBD3BF002AF56D /* TestImageViewer.xcdatamodeld */ = {
			isa = XCVersionGroup;
			children = (
				DCFCE7C825DBD3BF002AF56D /* TestImageViewer.xcdatamodel */,
			);
			currentVersion = DCFCE7C825DBD3BF002AF56D /* TestImageViewer.xcdatamodel */;
			path = TestImageViewer.xcdatamodeld;
			sourceTree = "<group>";
			versionGroupType = wrapper.xcdatamodel;
		};
/* End XCVersionGroup section */
	};
	rootObject = DCFCE7B325DBD3BF002AF56D /* Project object */;
}
